// !$*UTF8*$!
{
	archiveVersion = 1;
	classes = {
	};
	objectVersion = 46;
	objects = {

/* Begin PBXBuildFile section */
		392135341603BAD80012683E /* UIKit.framework in Frameworks */ = {isa = PBXBuildFile; fileRef = 392135331603BAD80012683E /* UIKit.framework */; };
		392135361603BAD80012683E /* Foundation.framework in Frameworks */ = {isa = PBXBuildFile; fileRef = 392135351603BAD80012683E /* Foundation.framework */; };
		392135381603BAD80012683E /* CoreGraphics.framework in Frameworks */ = {isa = PBXBuildFile; fileRef = 392135371603BAD80012683E /* CoreGraphics.framework */; };
		3921353E1603BAD80012683E /* InfoPlist.strings in Resources */ = {isa = PBXBuildFile; fileRef = 3921353C1603BAD80012683E /* InfoPlist.strings */; };
		392135401603BAD80012683E /* main.m in Sources */ = {isa = PBXBuildFile; fileRef = 3921353F1603BAD80012683E /* main.m */; };
		392135441603BAD80012683E /* AppDelegate.m in Sources */ = {isa = PBXBuildFile; fileRef = 392135431603BAD80012683E /* AppDelegate.m */; };
		3921354C1603BAD80012683E /* SenTestingKit.framework in Frameworks */ = {isa = PBXBuildFile; fileRef = 3921354B1603BAD80012683E /* SenTestingKit.framework */; };
		3921354D1603BAD80012683E /* UIKit.framework in Frameworks */ = {isa = PBXBuildFile; fileRef = 392135331603BAD80012683E /* UIKit.framework */; };
		3921354E1603BAD80012683E /* Foundation.framework in Frameworks */ = {isa = PBXBuildFile; fileRef = 392135351603BAD80012683E /* Foundation.framework */; };
		392135561603BAD80012683E /* InfoPlist.strings in Resources */ = {isa = PBXBuildFile; fileRef = 392135541603BAD80012683E /* InfoPlist.strings */; };
		392135591603BAD80012683E /* Liz_s_TestTests.m in Sources */ = {isa = PBXBuildFile; fileRef = 392135581603BAD80012683E /* Liz_s_TestTests.m */; };
/* End PBXBuildFile section */

/* Begin PBXContainerItemProxy section */
		3921354F1603BAD80012683E /* PBXContainerItemProxy */ = {
			isa = PBXContainerItemProxy;
			containerPortal = 392135261603BAD80012683E /* Project object */;
			proxyType = 1;
			remoteGlobalIDString = 3921352E1603BAD80012683E;
			remoteInfo = "Liz's Test";
		};
/* End PBXContainerItemProxy section */

/* Begin PBXFileReference section */
		3921352F1603BAD80012683E /* Liz's Test.app */ = {isa = PBXFileReference; explicitFileType = wrapper.application; includeInIndex = 0; path = "Liz's Test.app"; sourceTree = BUILT_PRODUCTS_DIR; };
		392135331603BAD80012683E /* UIKit.framework */ = {isa = PBXFileReference; lastKnownFileType = wrapper.framework; name = UIKit.framework; path = System/Library/Frameworks/UIKit.framework; sourceTree = SDKROOT; };
		392135351603BAD80012683E /* Foundation.framework */ = {isa = PBXFileReference; lastKnownFileType = wrapper.framework; name = Foundation.framework; path = System/Library/Frameworks/Foundation.framework; sourceTree = SDKROOT; };
		392135371603BAD80012683E /* CoreGraphics.framework */ = {isa = PBXFileReference; lastKnownFileType = wrapper.framework; name = CoreGraphics.framework; path = System/Library/Frameworks/CoreGraphics.framework; sourceTree = SDKROOT; };
		3921353B1603BAD80012683E /* Liz's Test-Info.plist */ = {isa = PBXFileReference; lastKnownFileType = text.plist.xml; path = "Liz's Test-Info.plist"; sourceTree = "<group>"; };
		3921353D1603BAD80012683E /* en */ = {isa = PBXFileReference; lastKnownFileType = text.plist.strings; name = en; path = en.lproj/InfoPlist.strings; sourceTree = "<group>"; };
		3921353F1603BAD80012683E /* main.m */ = {isa = PBXFileReference; lastKnownFileType = sourcecode.c.objc; path = main.m; sourceTree = "<group>"; };
		392135411603BAD80012683E /* Liz's Test-Prefix.pch */ = {isa = PBXFileReference; lastKnownFileType = sourcecode.c.h; path = "Liz's Test-Prefix.pch"; sourceTree = "<group>"; };
		392135421603BAD80012683E /* AppDelegate.h */ = {isa = PBXFileReference; lastKnownFileType = sourcecode.c.h; path = AppDelegate.h; sourceTree = "<group>"; };
		392135431603BAD80012683E /* AppDelegate.m */ = {isa = PBXFileReference; lastKnownFileType = sourcecode.c.objc; path = AppDelegate.m; sourceTree = "<group>"; };
		3921354A1603BAD80012683E /* Liz's TestTests.octest */ = {isa = PBXFileReference; explicitFileType = wrapper.cfbundle; includeInIndex = 0; path = "Liz's TestTests.octest"; sourceTree = BUILT_PRODUCTS_DIR; };
		3921354B1603BAD80012683E /* SenTestingKit.framework */ = {isa = PBXFileReference; lastKnownFileType = wrapper.framework; name = SenTestingKit.framework; path = Library/Frameworks/SenTestingKit.framework; sourceTree = DEVELOPER_DIR; };
		392135531603BAD80012683E /* Liz's TestTests-Info.plist */ = {isa = PBXFileReference; lastKnownFileType = text.plist.xml; path = "Liz's TestTests-Info.plist"; sourceTree = "<group>"; };
		392135551603BAD80012683E /* en */ = {isa = PBXFileReference; lastKnownFileType = text.plist.strings; name = en; path = en.lproj/InfoPlist.strings; sourceTree = "<group>"; };
		392135571603BAD80012683E /* Liz_s_TestTests.h */ = {isa = PBXFileReference; lastKnownFileType = sourcecode.c.h; path = Liz_s_TestTests.h; sourceTree = "<group>"; };
		392135581603BAD80012683E /* Liz_s_TestTests.m */ = {isa = PBXFileReference; lastKnownFileType = sourcecode.c.objc; path = Liz_s_TestTests.m; sourceTree = "<group>"; };
/* End PBXFileReference section */

/* Begin PBXFrameworksBuildPhase section */
		3921352C1603BAD80012683E /* Frameworks */ = {
			isa = PBXFrameworksBuildPhase;
			buildActionMask = 2147483647;
			files = (
				392135341603BAD80012683E /* UIKit.framework in Frameworks */,
				392135361603BAD80012683E /* Foundation.framework in Frameworks */,
				392135381603BAD80012683E /* CoreGraphics.framework in Frameworks */,
			);
			runOnlyForDeploymentPostprocessing = 0;
		};
		392135461603BAD80012683E /* Frameworks */ = {
			isa = PBXFrameworksBuildPhase;
			buildActionMask = 2147483647;
			files = (
				3921354C1603BAD80012683E /* SenTestingKit.framework in Frameworks */,
				3921354D1603BAD80012683E /* UIKit.framework in Frameworks */,
				3921354E1603BAD80012683E /* Foundation.framework in Frameworks */,
			);
			runOnlyForDeploymentPostprocessing = 0;
		};
/* End PBXFrameworksBuildPhase section */

/* Begin PBXGroup section */
		392135241603BAD80012683E = {
			isa = PBXGroup;
			children = (
				392135391603BAD80012683E /* Liz's Test */,
				392135511603BAD80012683E /* Liz's TestTests */,
				392135321603BAD80012683E /* Frameworks */,
				392135301603BAD80012683E /* Products */,
			);
			sourceTree = "<group>";
		};
		392135301603BAD80012683E /* Products */ = {
			isa = PBXGroup;
			children = (
				3921352F1603BAD80012683E /* Liz's Test.app */,
				3921354A1603BAD80012683E /* Liz's TestTests.octest */,
			);
			name = Products;
			sourceTree = "<group>";
		};
		392135321603BAD80012683E /* Frameworks */ = {
			isa = PBXGroup;
			children = (
				392135331603BAD80012683E /* UIKit.framework */,
				392135351603BAD80012683E /* Foundation.framework */,
				392135371603BAD80012683E /* CoreGraphics.framework */,
				3921354B1603BAD80012683E /* SenTestingKit.framework */,
			);
			name = Frameworks;
			sourceTree = "<group>";
		};
		392135391603BAD80012683E /* Liz's Test */ = {
			isa = PBXGroup;
			children = (
				392135421603BAD80012683E /* AppDelegate.h */,
				392135431603BAD80012683E /* AppDelegate.m */,
				3921353A1603BAD80012683E /* Supporting Files */,
			);
			path = "Liz's Test";
			sourceTree = "<group>";
		};
		3921353A1603BAD80012683E /* Supporting Files */ = {
			isa = PBXGroup;
			children = (
				3921353B1603BAD80012683E /* Liz's Test-Info.plist */,
				3921353C1603BAD80012683E /* InfoPlist.strings */,
				3921353F1603BAD80012683E /* main.m */,
				392135411603BAD80012683E /* Liz's Test-Prefix.pch */,
			);
			name = "Supporting Files";
			sourceTree = "<group>";
		};
		392135511603BAD80012683E /* Liz's TestTests */ = {
			isa = PBXGroup;
			children = (
				392135571603BAD80012683E /* Liz_s_TestTests.h */,
				392135581603BAD80012683E /* Liz_s_TestTests.m */,
				392135521603BAD80012683E /* Supporting Files */,
			);
			path = "Liz's TestTests";
			sourceTree = "<group>";
		};
		392135521603BAD80012683E /* Supporting Files */ = {
			isa = PBXGroup;
			children = (
				392135531603BAD80012683E /* Liz's TestTests-Info.plist */,
				392135541603BAD80012683E /* InfoPlist.strings */,
			);
			name = "Supporting Files";
			sourceTree = "<group>";
		};
/* End PBXGroup section */

/* Begin PBXNativeTarget section */
		3921352E1603BAD80012683E /* Liz's Test */ = {
			isa = PBXNativeTarget;
			buildConfigurationList = 3921355C1603BAD80012683E /* Build configuration list for PBXNativeTarget "Liz's Test" */;
			buildPhases = (
				3921352B1603BAD80012683E /* Sources */,
				3921352C1603BAD80012683E /* Frameworks */,
				3921352D1603BAD80012683E /* Resources */,
			);
			buildRules = (
			);
			dependencies = (
			);
			name = "Liz's Test";
			productName = "Liz's Test";
			productReference = 3921352F1603BAD80012683E /* Liz's Test.app */;
			productType = "com.apple.product-type.application";
		};
		392135491603BAD80012683E /* Liz's TestTests */ = {
			isa = PBXNativeTarget;
			buildConfigurationList = 3921355F1603BAD80012683E /* Build configuration list for PBXNativeTarget "Liz's TestTests" */;
			buildPhases = (
				392135451603BAD80012683E /* Sources */,
				392135461603BAD80012683E /* Frameworks */,
				392135471603BAD80012683E /* Resources */,
				392135481603BAD80012683E /* ShellScript */,
			);
			buildRules = (
			);
			dependencies = (
				392135501603BAD80012683E /* PBXTargetDependency */,
			);
			name = "Liz's TestTests";
			productName = "Liz's TestTests";
			productReference = 3921354A1603BAD80012683E /* Liz's TestTests.octest */;
			productType = "com.apple.product-type.bundle";
		};
/* End PBXNativeTarget section */

/* Begin PBXProject section */
		392135261603BAD80012683E /* Project object */ = {
			isa = PBXProject;
			attributes = {
				LastUpgradeCheck = 0440;
				ORGANIZATIONNAME = ResNET;
			};
			buildConfigurationList = 392135291603BAD80012683E /* Build configuration list for PBXProject "Liz's Test" */;
			compatibilityVersion = "Xcode 3.2";
			developmentRegion = English;
			hasScannedForEncodings = 0;
			knownRegions = (
				en,
			);
			mainGroup = 392135241603BAD80012683E;
			productRefGroup = 392135301603BAD80012683E /* Products */;
			projectDirPath = "";
			projectRoot = "";
			targets = (
				3921352E1603BAD80012683E /* Liz's Test */,
				392135491603BAD80012683E /* Liz's TestTests */,
			);
		};
/* End PBXProject section */

/* Begin PBXResourcesBuildPhase section */
		3921352D1603BAD80012683E /* Resources */ = {
			isa = PBXResourcesBuildPhase;
			buildActionMask = 2147483647;
			files = (
				3921353E1603BAD80012683E /* InfoPlist.strings in Resources */,
			);
			runOnlyForDeploymentPostprocessing = 0;
		};
		392135471603BAD80012683E /* Resources */ = {
			isa = PBXResourcesBuildPhase;
			buildActionMask = 2147483647;
			files = (
				392135561603BAD80012683E /* InfoPlist.strings in Resources */,
			);
			runOnlyForDeploymentPostprocessing = 0;
		};
/* End PBXResourcesBuildPhase section */

/* Begin PBXShellScriptBuildPhase section */
		392135481603BAD80012683E /* ShellScript */ = {
			isa = PBXShellScriptBuildPhase;
			buildActionMask = 2147483647;
			files = (
			);
			inputPaths = (
			);
			outputPaths = (
			);
			runOnlyForDeploymentPostprocessing = 0;
			shellPath = /bin/sh;
			shellScript = "# Run the unit tests in this test bundle.\n\"${SYSTEM_DEVELOPER_DIR}/Tools/RunUnitTests\"\n";
		};
/* End PBXShellScriptBuildPhase section */

/* Begin PBXSourcesBuildPhase section */
		3921352B1603BAD80012683E /* Sources */ = {
			isa = PBXSourcesBuildPhase;
			buildActionMask = 2147483647;
			files = (
				392135401603BAD80012683E /* main.m in Sources */,
				392135441603BAD80012683E /* AppDelegate.m in Sources */,
			);
			runOnlyForDeploymentPostprocessing = 0;
		};
		392135451603BAD80012683E /* Sources */ = {
			isa = PBXSourcesBuildPhase;
			buildActionMask = 2147483647;
			files = (
				392135591603BAD80012683E /* Liz_s_TestTests.m in Sources */,
			);
			runOnlyForDeploymentPostprocessing = 0;
		};
/* End PBXSourcesBuildPhase section */

/* Begin PBXTargetDependency section */
		392135501603BAD80012683E /* PBXTargetDependency */ = {
			isa = PBXTargetDependency;
			target = 3921352E1603BAD80012683E /* Liz's Test */;
			targetProxy = 3921354F1603BAD80012683E /* PBXContainerItemProxy */;
		};
/* End PBXTargetDependency section */

/* Begin PBXVariantGroup section */
		3921353C1603BAD80012683E /* InfoPlist.strings */ = {
			isa = PBXVariantGroup;
			children = (
				3921353D1603BAD80012683E /* en */,
			);
			name = InfoPlist.strings;
			sourceTree = "<group>";
		};
		392135541603BAD80012683E /* InfoPlist.strings */ = {
			isa = PBXVariantGroup;
			children = (
				392135551603BAD80012683E /* en */,
			);
			name = InfoPlist.strings;
			sourceTree = "<group>";
		};
/* End PBXVariantGroup section */

/* Begin XCBuildConfiguration section */
		3921355A1603BAD80012683E /* Debug */ = {
			isa = XCBuildConfiguration;
			buildSettings = {
				ALWAYS_SEARCH_USER_PATHS = NO;
				ARCHS = "$(ARCHS_STANDARD_32_BIT)";
				CLANG_CXX_LANGUAGE_STANDARD = "gnu++0x";
				CLANG_ENABLE_OBJC_ARC = YES;
				CLANG_WARN__DUPLICATE_METHOD_MATCH = YES;
				"CODE_SIGN_IDENTITY[sdk=iphoneos*]" = "iPhone Developer";
				COPY_PHASE_STRIP = NO;
				GCC_C_LANGUAGE_STANDARD = gnu99;
				GCC_DYNAMIC_NO_PIC = NO;
				GCC_OPTIMIZATION_LEVEL = 0;
				GCC_PREPROCESSOR_DEFINITIONS = (
					"DEBUG=1",
					"$(inherited)",
				);
				GCC_SYMBOLS_PRIVATE_EXTERN = NO;
				GCC_VERSION = com.apple.compilers.llvm.clang.1_0;
				GCC_WARN_ABOUT_RETURN_TYPE = YES;
				GCC_WARN_UNINITIALIZED_AUTOS = YES;
				GCC_WARN_UNUSED_VARIABLE = YES;
				IPHONEOS_DEPLOYMENT_TARGET = 5.1;
				SDKROOT = iphoneos;
				TARGETED_DEVICE_FAMILY = "1,2";
			};
			name = Debug;
		};
		3921355B1603BAD80012683E /* Release */ = {
			isa = XCBuildConfiguration;
			buildSettings = {
				ALWAYS_SEARCH_USER_PATHS = NO;
				ARCHS = "$(ARCHS_STANDARD_32_BIT)";
				CLANG_CXX_LANGUAGE_STANDARD = "gnu++0x";
				CLANG_ENABLE_OBJC_ARC = YES;
				CLANG_WARN__DUPLICATE_METHOD_MATCH = YES;
				"CODE_SIGN_IDENTITY[sdk=iphoneos*]" = "iPhone Developer";
				COPY_PHASE_STRIP = YES;
				GCC_C_LANGUAGE_STANDARD = gnu99;
				GCC_VERSION = com.apple.compilers.llvm.clang.1_0;
				GCC_WARN_ABOUT_RETURN_TYPE = YES;
				GCC_WARN_UNINITIALIZED_AUTOS = YES;
				GCC_WARN_UNUSED_VARIABLE = YES;
				IPHONEOS_DEPLOYMENT_TARGET = 5.1;
				OTHER_CFLAGS = "-DNS_BLOCK_ASSERTIONS=1";
				SDKROOT = iphoneos;
				TARGETED_DEVICE_FAMILY = "1,2";
				VALIDATE_PRODUCT = YES;
			};
			name = Release;
		};
		3921355D1603BAD80012683E /* Debug */ = {
			isa = XCBuildConfiguration;
			buildSettings = {
				GCC_PRECOMPILE_PREFIX_HEADER = YES;
				GCC_PREFIX_HEADER = "Liz's Test/Liz's Test-Prefix.pch";
				INFOPLIST_FILE = "Liz's Test/Liz's Test-Info.plist";
				PRODUCT_NAME = "$(TARGET_NAME)";
				WRAPPER_EXTENSION = app;
			};
			name = Debug;
		};
		3921355E1603BAD80012683E /* Release */ = {
			isa = XCBuildConfiguration;
			buildSettings = {
				GCC_PRECOMPILE_PREFIX_HEADER = YES;
				GCC_PREFIX_HEADER = "Liz's Test/Liz's Test-Prefix.pch";
				INFOPLIST_FILE = "Liz's Test/Liz's Test-Info.plist";
				PRODUCT_NAME = "$(TARGET_NAME)";
				WRAPPER_EXTENSION = app;
			};
			name = Release;
		};
		392135601603BAD80012683E /* Debug */ = {
			isa = XCBuildConfiguration;
			buildSettings = {
				BUNDLE_LOADER = "$(BUILT_PRODUCTS_DIR)/Liz's Test.app/Liz's Test";
				FRAMEWORK_SEARCH_PATHS = (
					"\"$(SDKROOT)/Developer/Library/Frameworks\"",
					"\"$(DEVELOPER_LIBRARY_DIR)/Frameworks\"",
				);
				GCC_PRECOMPILE_PREFIX_HEADER = YES;
				GCC_PREFIX_HEADER = "Liz's Test/Liz's Test-Prefix.pch";
				INFOPLIST_FILE = "Liz's TestTests/Liz's TestTests-Info.plist";
				PRODUCT_NAME = "$(TARGET_NAME)";
				TEST_HOST = "$(BUNDLE_LOADER)";
				WRAPPER_EXTENSION = octest;
			};
			name = Debug;
		};
		392135611603BAD80012683E /* Release */ = {
			isa = XCBuildConfiguration;
			buildSettings = {
				BUNDLE_LOADER = "$(BUILT_PRODUCTS_DIR)/Liz's Test.app/Liz's Test";
				FRAMEWORK_SEARCH_PATHS = (
					"\"$(SDKROOT)/Developer/Library/Frameworks\"",
					"\"$(DEVELOPER_LIBRARY_DIR)/Frameworks\"",
				);
				GCC_PRECOMPILE_PREFIX_HEADER = YES;
				GCC_PREFIX_HEADER = "Liz's Test/Liz's Test-Prefix.pch";
				INFOPLIST_FILE = "Liz's TestTests/Liz's TestTests-Info.plist";
				PRODUCT_NAME = "$(TARGET_NAME)";
				TEST_HOST = "$(BUNDLE_LOADER)";
				WRAPPER_EXTENSION = octest;
			};
			name = Release;
		};
/* End XCBuildConfiguration section */

/* Begin XCConfigurationList section */
		392135291603BAD80012683E /* Build configuration list for PBXProject "Liz's Test" */ = {
			isa = XCConfigurationList;
			buildConfigurations = (
				3921355A1603BAD80012683E /* Debug */,
				3921355B1603BAD80012683E /* Release */,
			);
			defaultConfigurationIsVisible = 0;
			defaultConfigurationName = Release;
		};
		3921355C1603BAD80012683E /* Build configuration list for PBXNativeTarget "Liz's Test" */ = {
			isa = XCConfigurationList;
			buildConfigurations = (
				3921355D1603BAD80012683E /* Debug */,
				3921355E1603BAD80012683E /* Release */,
			);
			defaultConfigurationIsVisible = 0;
		};
		3921355F1603BAD80012683E /* Build configuration list for PBXNativeTarget "Liz's TestTests" */ = {
			isa = XCConfigurationList;
			buildConfigurations = (
				392135601603BAD80012683E /* Debug */,
				392135611603BAD80012683E /* Release */,
			);
			defaultConfigurationIsVisible = 0;
		};
/* End XCConfigurationList section */
	};
	rootObject = 392135261603BAD80012683E /* Project object */;
}
